
Microsoft Visual Studio Solution File, Format Version 12.00
# Visual Studio 15
VisualStudioVersion = 15.0.28307.645
MinimumVisualStudioVersion = 10.0.40219.1
Project("{9A19103F-16F7-4668-BE54-9A1E7A4F7556}") = "RSSReader", "RSSReader\RSSReader.csproj", "{15F6312B-DE13-449C-8C43-2DD610948BB6}"
EndProject
Project("{FAE04EC0-301F-11D3-BF4B-00C04F79EFBC}") = "RSSReaderLib", "RSSReaderLib\RSSReaderLib.csproj", "{477B5CCE-C8D9-4ECF-8B60-6DE0E504435E}"
EndProject
Global
	GlobalSection(SolutionConfigurationPlatforms) = preSolution
		Debug|Any CPU = Debug|Any CPU
		Release|Any CPU = Release|Any CPU
	EndGlobalSection
	GlobalSection(ProjectConfigurationPlatforms) = postSolution
		{15F6312B-DE13-449C-8C43-2DD610948BB6}.Debug|Any CPU.ActiveCfg = Debug|Any CPU
		{15F6312B-DE13-449C-8C43-2DD610948BB6}.Debug|Any CPU.Build.0 = Debug|Any CPU
		{15F6312B-DE13-449C-8C43-2DD610948BB6}.Release|Any CPU.ActiveCfg = Release|Any CPU
		{15F6312B-DE13-449C-8C43-2DD610948BB6}.Release|Any CPU.Build.0 = Release|Any CPU
		{477B5CCE-C8D9-4ECF-8B60-6DE0E504435E}.Debug|Any CPU.ActiveCfg = Debug|Any CPU
		{477B5CCE-C8D9-4ECF-8B60-6DE0E504435E}.Debug|Any CPU.Build.0 = Debug|Any CPU
		{477B5CCE-C8D9-4ECF-8B60-6DE0E504435E}.Release|Any CPU.ActiveCfg = Release|Any CPU
		{477B5CCE-C8D9-4ECF-8B60-6DE0E504435E}.Release|Any CPU.Build.0 = Release|Any CPU
	EndGlobalSection
	GlobalSection(SolutionProperties) = preSolution
		HideSolutionNode = FALSE
	EndGlobalSection
	GlobalSection(ExtensibilityGlobals) = postSolution
		SolutionGuid = {44DBA97D-9F49-42D4-BF2A-B603CE2D5C47}
	EndGlobalSection
EndGlobal
